
Microsoft Visual Studio Solution File, Format Version 12.00
# Visual Studio Version 17
VisualStudioVersion = 17.14.36327.8 d17.14
MinimumVisualStudioVersion = 10.0.40219.1
Project("{FAE04EC0-301F-11D3-BF4B-00C04F79EFBC}") = "LatihanMethod4", "LatihanMethod4\LatihanMethod4.csproj", "{22C7DFB0-C010-41F9-B7BE-FFF9D9C63BA1}"
EndProject
Global
	GlobalSection(SolutionConfigurationPlatforms) = preSolution
		Debug|Any CPU = Debug|Any CPU
		Release|Any CPU = Release|Any CPU
	EndGlobalSection
	GlobalSection(ProjectConfigurationPlatforms) = postSolution
		{22C7DFB0-C010-41F9-B7BE-FFF9D9C63BA1}.Debug|Any CPU.ActiveCfg = Debug|Any CPU
		{22C7DFB0-C010-41F9-B7BE-FFF9D9C63BA1}.Debug|Any CPU.Build.0 = Debug|Any CPU
		{22C7DFB0-C010-41F9-B7BE-FFF9D9C63BA1}.Release|Any CPU.ActiveCfg = Release|Any CPU
		{22C7DFB0-C010-41F9-B7BE-FFF9D9C63BA1}.Release|Any CPU.Build.0 = Release|Any CPU
	EndGlobalSection
	GlobalSection(SolutionProperties) = preSolution
		HideSolutionNode = FALSE
	EndGlobalSection
	GlobalSection(ExtensibilityGlobals) = postSolution
		SolutionGuid = {8D40B168-9F43-4833-9109-CAB8004C0AEA}
	EndGlobalSection
EndGlobal
